{
  "name": "timeout",
  "version": "1.0.0",
  "lockfileVersion": 2,
  "requires": true,
  "packages": {
    "": {
      "version": "1.0.0",
      "license": "ISC",
      "devDependencies": {
        "measurement-protocol": "^0.1.1"
      }
    },
    "node_modules/@lukeed/uuid": {
      "version": "1.0.1",
      "resolved": "https://registry.npmjs.org/@lukeed/uuid/-/uuid-1.0.1.tgz",
      "integrity": "sha512-shtopUGL/WuVicOTppRGDb2he9aGp+OF5EB11Xsbe3K4W6qN7HtK3F+ayNxcfbrG/SSL/Z9B+Xrb0Foz9x83gw==",
      "dev": true,
      "engines": {
        "node": ">=8"
      }
    },
    "node_modules/measurement-protocol": {
      "version": "0.1.1",
      "resolved": "https://registry.npmjs.org/measurement-protocol/-/measurement-protocol-0.1.1.tgz",
      "integrity": "sha512-s3RaVbZUd/+ddLXH8VbAVZhBgk62As6lZZB5k7b8uczE76A9qzfSrqDF+7MrosJ7nLY2nTnSNc7YacYZaSDJ3g==",
      "dev": true,
      "dependencies": {
        "@lukeed/uuid": "^1.0.1"
      }
    }
  },
  "dependencies": {
    "@lukeed/uuid": {
      "version": "1.0.1",
      "resolved": "https://registry.npmjs.org/@lukeed/uuid/-/uuid-1.0.1.tgz",
      "integrity": "sha512-shtopUGL/WuVicOTppRGDb2he9aGp+OF5EB11Xsbe3K4W6qN7HtK3F+ayNxcfbrG/SSL/Z9B+Xrb0Foz9x83gw==",
      "dev": true
    },
    "measurement-protocol": {
      "version": "0.1.1",
      "resolved": "https://registry.npmjs.org/measurement-protocol/-/measurement-protocol-0.1.1.tgz",
      "integrity": "sha512-s3RaVbZUd/+ddLXH8VbAVZhBgk62As6lZZB5k7b8uczE76A9qzfSrqDF+7MrosJ7nLY2nTnSNc7YacYZaSDJ3g==",
      "dev": true,
      "requires": {
        "@lukeed/uuid": "^1.0.1"
      }
    }
  }
}
